
Microsoft Visual Studio Solution File, Format Version 12.00
# Visual Studio 14
VisualStudioVersion = 14.0.25123.0
MinimumVisualStudioVersion = 10.0.40219.1
Project("{D954291E-2A0B-460D-934E-DC6B0785DB48}") = "Logging", "Logger\Logging.shproj", "{753BDDAE-60AB-42B6-AECC-CADC369F1B16}"
EndProject
Global
	GlobalSection(SharedMSBuildProjectFiles) = preSolution
		Logger\Logger.projitems*{753bddae-60ab-42b6-aecc-cadc369f1b16}*SharedItemsImports = 13
	EndGlobalSection
	GlobalSection(SolutionProperties) = preSolution
		HideSolutionNode = FALSE
	EndGlobalSection
EndGlobal
